// !$*UTF8*$!
{
	archiveVersion = 1;
	classes = {
	};
	objectVersion = 55;
	objects = {

/* Begin PBXBuildFile section */
		966260A328BCBF5000B98914 /* AppDelegate.swift in Sources */ = {isa = PBXBuildFile; fileRef = 966260A228BCBF5000B98914 /* AppDelegate.swift */; };
		966260A528BCBF5000B98914 /* SceneDelegate.swift in Sources */ = {isa = PBXBuildFile; fileRef = 966260A428BCBF5000B98914 /* SceneDelegate.swift */; };
		966260A728BCBF5000B98914 /* ViewController.swift in Sources */ = {isa = PBXBuildFile; fileRef = 966260A628BCBF5000B98914 /* ViewController.swift */; };
		966260AA28BCBF5100B98914 /* Main.storyboard in Resources */ = {isa = PBXBuildFile; fileRef = 966260A828BCBF5100B98914 /* Main.storyboard */; };
		966260AC28BCBF5300B98914 /* Assets.xcassets in Resources */ = {isa = PBXBuildFile; fileRef = 966260AB28BCBF5300B98914 /* Assets.xcassets */; };
		966260AF28BCBF5300B98914 /* LaunchScreen.storyboard in Resources */ = {isa = PBXBuildFile; fileRef = 966260AD28BCBF5300B98914 /* LaunchScreen.storyboard */; };
		966260CC28BCBFA900B98914 /* lobby.png in Resources */ = {isa = PBXBuildFile; fileRef = 966260B828BCBFA900B98914 /* lobby.png */; };
		966260CD28BCBFA900B98914 /* battlebg.png in Resources */ = {isa = PBXBuildFile; fileRef = 966260B928BCBFA900B98914 /* battlebg.png */; };
		966260CE28BCBFA900B98914 /* bgimage.jpg in Resources */ = {isa = PBXBuildFile; fileRef = 966260BA28BCBFA900B98914 /* bgimage.jpg */; };
		966260CF28BCBFA900B98914 /* waku.png in Resources */ = {isa = PBXBuildFile; fileRef = 966260BB28BCBFA900B98914 /* waku.png */; };
		966260D028BCBFA900B98914 /* gold_button.png in Resources */ = {isa = PBXBuildFile; fileRef = 966260BC28BCBFA900B98914 /* gold_button.png */; };
		966260D128BCBFA900B98914 /* yusya.png in Resources */ = {isa = PBXBuildFile; fileRef = 966260BD28BCBFA900B98914 /* yusya.png */; };
		966260D228BCBFA900B98914 /* monster.png in Resources */ = {isa = PBXBuildFile; fileRef = 966260BE28BCBFA900B98914 /* monster.png */; };
		966260D328BCBFA900B98914 /* TechMonManager.swift in Sources */ = {isa = PBXBuildFile; fileRef = 966260C028BCBFA900B98914 /* TechMonManager.swift */; };
		966260D428BCBFA900B98914 /* Character.swift in Sources */ = {isa = PBXBuildFile; fileRef = 966260C128BCBFA900B98914 /* Character.swift */; };
		966260D528BCBFA900B98914 /* SE_fanfare.mp3 in Resources */ = {isa = PBXBuildFile; fileRef = 966260C328BCBFA900B98914 /* SE_fanfare.mp3 */; };
		966260D628BCBFA900B98914 /* BGM_battle001.mp3 in Resources */ = {isa = PBXBuildFile; fileRef = 966260C428BCBFA900B98914 /* BGM_battle001.mp3 */; };
		966260D728BCBFA900B98914 /* SE_fire.mp3 in Resources */ = {isa = PBXBuildFile; fileRef = 966260C528BCBFA900B98914 /* SE_fire.mp3 */; };
		966260D828BCBFA900B98914 /* SE_attack.mp3 in Resources */ = {isa = PBXBuildFile; fileRef = 966260C628BCBFA900B98914 /* SE_attack.mp3 */; };
		966260D928BCBFA900B98914 /* SE_gameover.mp3 in Resources */ = {isa = PBXBuildFile; fileRef = 966260C728BCBFA900B98914 /* SE_gameover.mp3 */; };
		966260DA28BCBFA900B98914 /* SE_charge.mp3 in Resources */ = {isa = PBXBuildFile; fileRef = 966260C828BCBFA900B98914 /* SE_charge.mp3 */; };
		966260DB28BCBFA900B98914 /* lobby.mp3 in Resources */ = {isa = PBXBuildFile; fileRef = 966260C928BCBFA900B98914 /* lobby.mp3 */; };
		966260DC28BCBFA900B98914 /* misaki_gothic.ttf in Resources */ = {isa = PBXBuildFile; fileRef = 966260CB28BCBFA900B98914 /* misaki_gothic.ttf */; };
		966260DE28BCCDD800B98914 /* LobbyViewController.swift in Sources */ = {isa = PBXBuildFile; fileRef = 966260DD28BCCDD800B98914 /* LobbyViewController.swift */; };
		966260E028BCCDFE00B98914 /* BattleViewController.swift in Sources */ = {isa = PBXBuildFile; fileRef = 966260DF28BCCDFE00B98914 /* BattleViewController.swift */; };
/* End PBXBuildFile section */

/* Begin PBXFileReference section */
		9662609F28BCBF5000B98914 /* TechMon.app */ = {isa = PBXFileReference; explicitFileType = wrapper.application; includeInIndex = 0; path = TechMon.app; sourceTree = BUILT_PRODUCTS_DIR; };
		966260A228BCBF5000B98914 /* AppDelegate.swift */ = {isa = PBXFileReference; lastKnownFileType = sourcecode.swift; path = AppDelegate.swift; sourceTree = "<group>"; };
		966260A428BCBF5000B98914 /* SceneDelegate.swift */ = {isa = PBXFileReference; lastKnownFileType = sourcecode.swift; path = SceneDelegate.swift; sourceTree = "<group>"; };
		966260A628BCBF5000B98914 /* ViewController.swift */ = {isa = PBXFileReference; lastKnownFileType = sourcecode.swift; path = ViewController.swift; sourceTree = "<group>"; };
		966260A928BCBF5100B98914 /* Base */ = {isa = PBXFileReference; lastKnownFileType = file.storyboard; name = Base; path = Base.lproj/Main.storyboard; sourceTree = "<group>"; };
		966260AB28BCBF5300B98914 /* Assets.xcassets */ = {isa = PBXFileReference; lastKnownFileType = folder.assetcatalog; path = Assets.xcassets; sourceTree = "<group>"; };
		966260AE28BCBF5300B98914 /* Base */ = {isa = PBXFileReference; lastKnownFileType = file.storyboard; name = Base; path = Base.lproj/LaunchScreen.storyboard; sourceTree = "<group>"; };
		966260B028BCBF5300B98914 /* Info.plist */ = {isa = PBXFileReference; lastKnownFileType = text.plist.xml; path = Info.plist; sourceTree = "<group>"; };
		966260B828BCBFA900B98914 /* lobby.png */ = {isa = PBXFileReference; lastKnownFileType = image.png; path = lobby.png; sourceTree = "<group>"; };
		966260B928BCBFA900B98914 /* battlebg.png */ = {isa = PBXFileReference; lastKnownFileType = image.png; path = battlebg.png; sourceTree = "<group>"; };
		966260BA28BCBFA900B98914 /* bgimage.jpg */ = {isa = PBXFileReference; lastKnownFileType = image.jpeg; path = bgimage.jpg; sourceTree = "<group>"; };
		966260BB28BCBFA900B98914 /* waku.png */ = {isa = PBXFileReference; lastKnownFileType = image.png; path = waku.png; sourceTree = "<group>"; };
		966260BC28BCBFA900B98914 /* gold_button.png */ = {isa = PBXFileReference; lastKnownFileType = image.png; path = gold_button.png; sourceTree = "<group>"; };
		966260BD28BCBFA900B98914 /* yusya.png */ = {isa = PBXFileReference; lastKnownFileType = image.png; path = yusya.png; sourceTree = "<group>"; };
		966260BE28BCBFA900B98914 /* monster.png */ = {isa = PBXFileReference; lastKnownFileType = image.png; path = monster.png; sourceTree = "<group>"; };
		966260C028BCBFA900B98914 /* TechMonManager.swift */ = {isa = PBXFileReference; fileEncoding = 4; lastKnownFileType = sourcecode.swift; path = TechMonManager.swift; sourceTree = "<group>"; };
		966260C128BCBFA900B98914 /* Character.swift */ = {isa = PBXFileReference; fileEncoding = 4; lastKnownFileType = sourcecode.swift; path = Character.swift; sourceTree = "<group>"; };
		966260C328BCBFA900B98914 /* SE_fanfare.mp3 */ = {isa = PBXFileReference; lastKnownFileType = audio.mp3; path = SE_fanfare.mp3; sourceTree = "<group>"; };
		966260C428BCBFA900B98914 /* BGM_battle001.mp3 */ = {isa = PBXFileReference; lastKnownFileType = audio.mp3; path = BGM_battle001.mp3; sourceTree = "<group>"; };
		966260C528BCBFA900B98914 /* SE_fire.mp3 */ = {isa = PBXFileReference; lastKnownFileType = audio.mp3; path = SE_fire.mp3; sourceTree = "<group>"; };
		966260C628BCBFA900B98914 /* SE_attack.mp3 */ = {isa = PBXFileReference; lastKnownFileType = audio.mp3; path = SE_attack.mp3; sourceTree = "<group>"; };
		966260C728BCBFA900B98914 /* SE_gameover.mp3 */ = {isa = PBXFileReference; lastKnownFileType = audio.mp3; path = SE_gameover.mp3; sourceTree = "<group>"; };
		966260C828BCBFA900B98914 /* SE_charge.mp3 */ = {isa = PBXFileReference; lastKnownFileType = audio.mp3; path = SE_charge.mp3; sourceTree = "<group>"; };
		966260C928BCBFA900B98914 /* lobby.mp3 */ = {isa = PBXFileReference; lastKnownFileType = audio.mp3; path = lobby.mp3; sourceTree = "<group>"; };
		966260CB28BCBFA900B98914 /* misaki_gothic.ttf */ = {isa = PBXFileReference; lastKnownFileType = file; path = misaki_gothic.ttf; sourceTree = "<group>"; };
		966260DD28BCCDD800B98914 /* LobbyViewController.swift */ = {isa = PBXFileReference; lastKnownFileType = sourcecode.swift; path = LobbyViewController.swift; sourceTree = "<group>"; };
		966260DF28BCCDFE00B98914 /* BattleViewController.swift */ = {isa = PBXFileReference; lastKnownFileType = sourcecode.swift; path = BattleViewController.swift; sourceTree = "<group>"; };
/* End PBXFileReference section */

/* Begin PBXFrameworksBuildPhase section */
		9662609C28BCBF5000B98914 /* Frameworks */ = {
			isa = PBXFrameworksBuildPhase;
			buildActionMask = 2147483647;
			files = (
			);
			runOnlyForDeploymentPostprocessing = 0;
		};
/* End PBXFrameworksBuildPhase section */

/* Begin PBXGroup section */
		9662609628BCBF5000B98914 = {
			isa = PBXGroup;
			children = (
				966260A128BCBF5000B98914 /* TechMon */,
				966260A028BCBF5000B98914 /* Products */,
			);
			sourceTree = "<group>";
		};
		966260A028BCBF5000B98914 /* Products */ = {
			isa = PBXGroup;
			children = (
				9662609F28BCBF5000B98914 /* TechMon.app */,
			);
			name = Products;
			sourceTree = "<group>";
		};
		966260A128BCBF5000B98914 /* TechMon */ = {
			isa = PBXGroup;
			children = (
				966260B628BCBFA900B98914 /* TechMon_Resource */,
				966260A228BCBF5000B98914 /* AppDelegate.swift */,
				966260A428BCBF5000B98914 /* SceneDelegate.swift */,
				966260A628BCBF5000B98914 /* ViewController.swift */,
				966260A828BCBF5100B98914 /* Main.storyboard */,
				966260AB28BCBF5300B98914 /* Assets.xcassets */,
				966260AD28BCBF5300B98914 /* LaunchScreen.storyboard */,
				966260B028BCBF5300B98914 /* Info.plist */,
				966260DD28BCCDD800B98914 /* LobbyViewController.swift */,
			);
			path = TechMon;
			sourceTree = "<group>";
		};
		966260B628BCBFA900B98914 /* TechMon_Resource */ = {
			isa = PBXGroup;
			children = (
				966260B728BCBFA900B98914 /* Images */,
				966260BF28BCBFA900B98914 /* Models */,
				966260C228BCBFA900B98914 /* Sounds */,
				966260CA28BCBFA900B98914 /* Fonts */,
				966260DF28BCCDFE00B98914 /* BattleViewController.swift */,
			);
			path = TechMon_Resource;
			sourceTree = "<group>";
		};
		966260B728BCBFA900B98914 /* Images */ = {
			isa = PBXGroup;
			children = (
				966260B828BCBFA900B98914 /* lobby.png */,
				966260B928BCBFA900B98914 /* battlebg.png */,
				966260BA28BCBFA900B98914 /* bgimage.jpg */,
				966260BB28BCBFA900B98914 /* waku.png */,
				966260BC28BCBFA900B98914 /* gold_button.png */,
				966260BD28BCBFA900B98914 /* yusya.png */,
				966260BE28BCBFA900B98914 /* monster.png */,
			);
			path = Images;
			sourceTree = "<group>";
		};
		966260BF28BCBFA900B98914 /* Models */ = {
			isa = PBXGroup;
			children = (
				966260C028BCBFA900B98914 /* TechMonManager.swift */,
				966260C128BCBFA900B98914 /* Character.swift */,
			);
			path = Models;
			sourceTree = "<group>";
		};
		966260C228BCBFA900B98914 /* Sounds */ = {
			isa = PBXGroup;
			children = (
				966260C328BCBFA900B98914 /* SE_fanfare.mp3 */,
				966260C428BCBFA900B98914 /* BGM_battle001.mp3 */,
				966260C528BCBFA900B98914 /* SE_fire.mp3 */,
				966260C628BCBFA900B98914 /* SE_attack.mp3 */,
				966260C728BCBFA900B98914 /* SE_gameover.mp3 */,
				966260C828BCBFA900B98914 /* SE_charge.mp3 */,
				966260C928BCBFA900B98914 /* lobby.mp3 */,
			);
			path = Sounds;
			sourceTree = "<group>";
		};
		966260CA28BCBFA900B98914 /* Fonts */ = {
			isa = PBXGroup;
			children = (
				966260CB28BCBFA900B98914 /* misaki_gothic.ttf */,
			);
			path = Fonts;
			sourceTree = "<group>";
		};
/* End PBXGroup section */

/* Begin PBXNativeTarget section */
		9662609E28BCBF5000B98914 /* TechMon */ = {
			isa = PBXNativeTarget;
			buildConfigurationList = 966260B328BCBF5300B98914 /* Build configuration list for PBXNativeTarget "TechMon" */;
			buildPhases = (
				9662609B28BCBF5000B98914 /* Sources */,
				9662609C28BCBF5000B98914 /* Frameworks */,
				9662609D28BCBF5000B98914 /* Resources */,
			);
			buildRules = (
			);
			dependencies = (
			);
			name = TechMon;
			productName = TechMon;
			productReference = 9662609F28BCBF5000B98914 /* TechMon.app */;
			productType = "com.apple.product-type.application";
		};
/* End PBXNativeTarget section */

/* Begin PBXProject section */
		9662609728BCBF5000B98914 /* Project object */ = {
			isa = PBXProject;
			attributes = {
				BuildIndependentTargetsInParallel = 1;
				LastSwiftUpdateCheck = 1340;
				LastUpgradeCheck = 1340;
				TargetAttributes = {
					9662609E28BCBF5000B98914 = {
						CreatedOnToolsVersion = 13.4.1;
					};
				};
			};
			buildConfigurationList = 9662609A28BCBF5000B98914 /* Build configuration list for PBXProject "TechMon" */;
			compatibilityVersion = "Xcode 13.0";
			developmentRegion = en;
			hasScannedForEncodings = 0;
			knownRegions = (
				en,
				Base,
			);
			mainGroup = 9662609628BCBF5000B98914;
			productRefGroup = 966260A028BCBF5000B98914 /* Products */;
			projectDirPath = "";
			projectRoot = "";
			targets = (
				9662609E28BCBF5000B98914 /* TechMon */,
			);
		};
/* End PBXProject section */

/* Begin PBXResourcesBuildPhase section */
		9662609D28BCBF5000B98914 /* Resources */ = {
			isa = PBXResourcesBuildPhase;
			buildActionMask = 2147483647;
			files = (
				966260D128BCBFA900B98914 /* yusya.png in Resources */,
				966260CE28BCBFA900B98914 /* bgimage.jpg in Resources */,
				966260CF28BCBFA900B98914 /* waku.png in Resources */,
				966260D528BCBFA900B98914 /* SE_fanfare.mp3 in Resources */,
				966260CC28BCBFA900B98914 /* lobby.png in Resources */,
				966260D028BCBFA900B98914 /* gold_button.png in Resources */,
				966260D828BCBFA900B98914 /* SE_attack.mp3 in Resources */,
				966260AF28BCBF5300B98914 /* LaunchScreen.storyboard in Resources */,
				966260DB28BCBFA900B98914 /* lobby.mp3 in Resources */,
				966260AC28BCBF5300B98914 /* Assets.xcassets in Resources */,
				966260DC28BCBFA900B98914 /* misaki_gothic.ttf in Resources */,
				966260D928BCBFA900B98914 /* SE_gameover.mp3 in Resources */,
				966260CD28BCBFA900B98914 /* battlebg.png in Resources */,
				966260D628BCBFA900B98914 /* BGM_battle001.mp3 in Resources */,
				966260DA28BCBFA900B98914 /* SE_charge.mp3 in Resources */,
				966260D728BCBFA900B98914 /* SE_fire.mp3 in Resources */,
				966260D228BCBFA900B98914 /* monster.png in Resources */,
				966260AA28BCBF5100B98914 /* Main.storyboard in Resources */,
			);
			runOnlyForDeploymentPostprocessing = 0;
		};
/* End PBXResourcesBuildPhase section */

/* Begin PBXSourcesBuildPhase section */
		9662609B28BCBF5000B98914 /* Sources */ = {
			isa = PBXSourcesBuildPhase;
			buildActionMask = 2147483647;
			files = (
				966260E028BCCDFE00B98914 /* BattleViewController.swift in Sources */,
				966260D328BCBFA900B98914 /* TechMonManager.swift in Sources */,
				966260A728BCBF5000B98914 /* ViewController.swift in Sources */,
				966260D428BCBFA900B98914 /* Character.swift in Sources */,
				966260DE28BCCDD800B98914 /* LobbyViewController.swift in Sources */,
				966260A328BCBF5000B98914 /* AppDelegate.swift in Sources */,
				966260A528BCBF5000B98914 /* SceneDelegate.swift in Sources */,
			);
			runOnlyForDeploymentPostprocessing = 0;
		};
/* End PBXSourcesBuildPhase section */

/* Begin PBXVariantGroup section */
		966260A828BCBF5100B98914 /* Main.storyboard */ = {
			isa = PBXVariantGroup;
			children = (
				966260A928BCBF5100B98914 /* Base */,
			);
			name = Main.storyboard;
			sourceTree = "<group>";
		};
		966260AD28BCBF5300B98914 /* LaunchScreen.storyboard */ = {
			isa = PBXVariantGroup;
			children = (
				966260AE28BCBF5300B98914 /* Base */,
			);
			name = LaunchScreen.storyboard;
			sourceTree = "<group>";
		};
/* End PBXVariantGroup section */

/* Begin XCBuildConfiguration section */
		966260B128BCBF5300B98914 /* Debug */ = {
			isa = XCBuildConfiguration;
			buildSettings = {
				ALWAYS_SEARCH_USER_PATHS = NO;
				CLANG_ANALYZER_NONNULL = YES;
				CLANG_ANALYZER_NUMBER_OBJECT_CONVERSION = YES_AGGRESSIVE;
				CLANG_CXX_LANGUAGE_STANDARD = "gnu++17";
				CLANG_ENABLE_MODULES = YES;
				CLANG_ENABLE_OBJC_ARC = YES;
				CLANG_ENABLE_OBJC_WEAK = YES;
				CLANG_WARN_BLOCK_CAPTURE_AUTORELEASING = YES;
				CLANG_WARN_BOOL_CONVERSION = YES;
				CLANG_WARN_COMMA = YES;
				CLANG_WARN_CONSTANT_CONVERSION = YES;
				CLANG_WARN_DEPRECATED_OBJC_IMPLEMENTATIONS = YES;
				CLANG_WARN_DIRECT_OBJC_ISA_USAGE = YES_ERROR;
				CLANG_WARN_DOCUMENTATION_COMMENTS = YES;
				CLANG_WARN_EMPTY_BODY = YES;
				CLANG_WARN_ENUM_CONVERSION = YES;
				CLANG_WARN_INFINITE_RECURSION = YES;
				CLANG_WARN_INT_CONVERSION = YES;
				CLANG_WARN_NON_LITERAL_NULL_CONVERSION = YES;
				CLANG_WARN_OBJC_IMPLICIT_RETAIN_SELF = YES;
				CLANG_WARN_OBJC_LITERAL_CONVERSION = YES;
				CLANG_WARN_OBJC_ROOT_CLASS = YES_ERROR;
				CLANG_WARN_QUOTED_INCLUDE_IN_FRAMEWORK_HEADER = YES;
				CLANG_WARN_RANGE_LOOP_ANALYSIS = YES;
				CLANG_WARN_STRICT_PROTOTYPES = YES;
				CLANG_WARN_SUSPICIOUS_MOVE = YES;
				CLANG_WARN_UNGUARDED_AVAILABILITY = YES_AGGRESSIVE;
				CLANG_WARN_UNREACHABLE_CODE = YES;
				CLANG_WARN__DUPLICATE_METHOD_MATCH = YES;
				COPY_PHASE_STRIP = NO;
				DEBUG_INFORMATION_FORMAT = dwarf;
				ENABLE_STRICT_OBJC_MSGSEND = YES;
				ENABLE_TESTABILITY = YES;
				GCC_C_LANGUAGE_STANDARD = gnu11;
				GCC_DYNAMIC_NO_PIC = NO;
				GCC_NO_COMMON_BLOCKS = YES;
				GCC_OPTIMIZATION_LEVEL = 0;
				GCC_PREPROCESSOR_DEFINITIONS = (
					"DEBUG=1",
					"$(inherited)",
				);
				GCC_WARN_64_TO_32_BIT_CONVERSION = YES;
				GCC_WARN_ABOUT_RETURN_TYPE = YES_ERROR;
				GCC_WARN_UNDECLARED_SELECTOR = YES;
				GCC_WARN_UNINITIALIZED_AUTOS = YES_AGGRESSIVE;
				GCC_WARN_UNUSED_FUNCTION = YES;
				GCC_WARN_UNUSED_VARIABLE = YES;
				IPHONEOS_DEPLOYMENT_TARGET = 15.5;
				MTL_ENABLE_DEBUG_INFO = INCLUDE_SOURCE;
				MTL_FAST_MATH = YES;
				ONLY_ACTIVE_ARCH = YES;
				SDKROOT = iphoneos;
				SWIFT_ACTIVE_COMPILATION_CONDITIONS = DEBUG;
				SWIFT_OPTIMIZATION_LEVEL = "-Onone";
			};
			name = Debug;
		};
		966260B228BCBF5300B98914 /* Release */ = {
			isa = XCBuildConfiguration;
			buildSettings = {
				ALWAYS_SEARCH_USER_PATHS = NO;
				CLANG_ANALYZER_NONNULL = YES;
				CLANG_ANALYZER_NUMBER_OBJECT_CONVERSION = YES_AGGRESSIVE;
				CLANG_CXX_LANGUAGE_STANDARD = "gnu++17";
				CLANG_ENABLE_MODULES = YES;
				CLANG_ENABLE_OBJC_ARC = YES;
				CLANG_ENABLE_OBJC_WEAK = YES;
				CLANG_WARN_BLOCK_CAPTURE_AUTORELEASING = YES;
				CLANG_WARN_BOOL_CONVERSION = YES;
				CLANG_WARN_COMMA = YES;
				CLANG_WARN_CONSTANT_CONVERSION = YES;
				CLANG_WARN_DEPRECATED_OBJC_IMPLEMENTATIONS = YES;
				CLANG_WARN_DIRECT_OBJC_ISA_USAGE = YES_ERROR;
				CLANG_WARN_DOCUMENTATION_COMMENTS = YES;
				CLANG_WARN_EMPTY_BODY = YES;
				CLANG_WARN_ENUM_CONVERSION = YES;
				CLANG_WARN_INFINITE_RECURSION = YES;
				CLANG_WARN_INT_CONVERSION = YES;
				CLANG_WARN_NON_LITERAL_NULL_CONVERSION = YES;
				CLANG_WARN_OBJC_IMPLICIT_RETAIN_SELF = YES;
				CLANG_WARN_OBJC_LITERAL_CONVERSION = YES;
				CLANG_WARN_OBJC_ROOT_CLASS = YES_ERROR;
				CLANG_WARN_QUOTED_INCLUDE_IN_FRAMEWORK_HEADER = YES;
				CLANG_WARN_RANGE_LOOP_ANALYSIS = YES;
				CLANG_WARN_STRICT_PROTOTYPES = YES;
				CLANG_WARN_SUSPICIOUS_MOVE = YES;
				CLANG_WARN_UNGUARDED_AVAILABILITY = YES_AGGRESSIVE;
				CLANG_WARN_UNREACHABLE_CODE = YES;
				CLANG_WARN__DUPLICATE_METHOD_MATCH = YES;
				COPY_PHASE_STRIP = NO;
				DEBUG_INFORMATION_FORMAT = "dwarf-with-dsym";
				ENABLE_NS_ASSERTIONS = NO;
				ENABLE_STRICT_OBJC_MSGSEND = YES;
				GCC_C_LANGUAGE_STANDARD = gnu11;
				GCC_NO_COMMON_BLOCKS = YES;
				GCC_WARN_64_TO_32_BIT_CONVERSION = YES;
				GCC_WARN_ABOUT_RETURN_TYPE = YES_ERROR;
				GCC_WARN_UNDECLARED_SELECTOR = YES;
				GCC_WARN_UNINITIALIZED_AUTOS = YES_AGGRESSIVE;
				GCC_WARN_UNUSED_FUNCTION = YES;
				GCC_WARN_UNUSED_VARIABLE = YES;
				IPHONEOS_DEPLOYMENT_TARGET = 15.5;
				MTL_ENABLE_DEBUG_INFO = NO;
				MTL_FAST_MATH = YES;
				SDKROOT = iphoneos;
				SWIFT_COMPILATION_MODE = wholemodule;
				SWIFT_OPTIMIZATION_LEVEL = "-O";
				VALIDATE_PRODUCT = YES;
			};
			name = Release;
		};
		966260B428BCBF5300B98914 /* Debug */ = {
			isa = XCBuildConfiguration;
			buildSettings = {
				ASSETCATALOG_COMPILER_APPICON_NAME = AppIcon;
				ASSETCATALOG_COMPILER_GLOBAL_ACCENT_COLOR_NAME = AccentColor;
				CODE_SIGN_STYLE = Automatic;
				CURRENT_PROJECT_VERSION = 1;
				GENERATE_INFOPLIST_FILE = YES;
				INFOPLIST_FILE = TechMon/Info.plist;
				INFOPLIST_KEY_UIApplicationSupportsIndirectInputEvents = YES;
				INFOPLIST_KEY_UILaunchStoryboardName = LaunchScreen;
				INFOPLIST_KEY_UIMainStoryboardFile = Main;
				INFOPLIST_KEY_UISupportedInterfaceOrientations_iPad = "UIInterfaceOrientationPortrait UIInterfaceOrientationPortraitUpsideDown UIInterfaceOrientationLandscapeLeft UIInterfaceOrientationLandscapeRight";
				INFOPLIST_KEY_UISupportedInterfaceOrientations_iPhone = "UIInterfaceOrientationPortrait UIInterfaceOrientationLandscapeLeft UIInterfaceOrientationLandscapeRight";
				LD_RUNPATH_SEARCH_PATHS = (
					"$(inherited)",
					"@executable_path/Frameworks",
				);
				MARKETING_VERSION = 1.0;
				PRODUCT_BUNDLE_IDENTIFIER = app.hori.moat.TechMon;
				PRODUCT_NAME = "$(TARGET_NAME)";
				SWIFT_EMIT_LOC_STRINGS = YES;
				SWIFT_VERSION = 5.0;
				TARGETED_DEVICE_FAMILY = "1,2";
			};
			name = Debug;
		};
		966260B528BCBF5300B98914 /* Release */ = {
			isa = XCBuildConfiguration;
			buildSettings = {
				ASSETCATALOG_COMPILER_APPICON_NAME = AppIcon;
				ASSETCATALOG_COMPILER_GLOBAL_ACCENT_COLOR_NAME = AccentColor;
				CODE_SIGN_STYLE = Automatic;
				CURRENT_PROJECT_VERSION = 1;
				GENERATE_INFOPLIST_FILE = YES;
				INFOPLIST_FILE = TechMon/Info.plist;
				INFOPLIST_KEY_UIApplicationSupportsIndirectInputEvents = YES;
				INFOPLIST_KEY_UILaunchStoryboardName = LaunchScreen;
				INFOPLIST_KEY_UIMainStoryboardFile = Main;
				INFOPLIST_KEY_UISupportedInterfaceOrientations_iPad = "UIInterfaceOrientationPortrait UIInterfaceOrientationPortraitUpsideDown UIInterfaceOrientationLandscapeLeft UIInterfaceOrientationLandscapeRight";
				INFOPLIST_KEY_UISupportedInterfaceOrientations_iPhone = "UIInterfaceOrientationPortrait UIInterfaceOrientationLandscapeLeft UIInterfaceOrientationLandscapeRight";
				LD_RUNPATH_SEARCH_PATHS = (
					"$(inherited)",
					"@executable_path/Frameworks",
				);
				MARKETING_VERSION = 1.0;
				PRODUCT_BUNDLE_IDENTIFIER = app.hori.moat.TechMon;
				PRODUCT_NAME = "$(TARGET_NAME)";
				SWIFT_EMIT_LOC_STRINGS = YES;
				SWIFT_VERSION = 5.0;
				TARGETED_DEVICE_FAMILY = "1,2";
			};
			name = Release;
		};
/* End XCBuildConfiguration section */

/* Begin XCConfigurationList section */
		9662609A28BCBF5000B98914 /* Build configuration list for PBXProject "TechMon" */ = {
			isa = XCConfigurationList;
			buildConfigurations = (
				966260B128BCBF5300B98914 /* Debug */,
				966260B228BCBF5300B98914 /* Release */,
			);
			defaultConfigurationIsVisible = 0;
			defaultConfigurationName = Release;
		};
		966260B328BCBF5300B98914 /* Build configuration list for PBXNativeTarget "TechMon" */ = {
			isa = XCConfigurationList;
			buildConfigurations = (
				966260B428BCBF5300B98914 /* Debug */,
				966260B528BCBF5300B98914 /* Release */,
			);
			defaultConfigurationIsVisible = 0;
			defaultConfigurationName = Release;
		};
/* End XCConfigurationList section */
	};
	rootObject = 9662609728BCBF5000B98914 /* Project object */;
}
